{
  "name": "zkPoD",
  "version": "1.0.0",
  "lockfileVersion": 1,
  "requires": true,
  "dependencies": {
    "ansi-regex": {
      "version": "3.0.0",
      "resolved": "https://registry.npm.taobao.org/ansi-regex/download/ansi-regex-3.0.0.tgz",
      "integrity": "sha1-7QMXwyIGT3lGbAKWa922Bas32Zg="
    },
    "big-integer": {
      "version": "1.6.48",
      "resolved": "https://registry.npm.taobao.org/big-integer/download/big-integer-1.6.48.tgz",
      "integrity": "sha1-j9iL0WMsukocjD49cVnwi7lbS54="
    },
    "blake2b-wasm": {
      "version": "git+https://github.com/jbaylina/blake2b-wasm.git#0d5f024b212429c7f50a7f533aa3a2406b5b42b3",
      "from": "git+https://github.com/jbaylina/blake2b-wasm.git",
      "requires": {
        "nanoassert": "^1.0.0"
      }
    },
    "blakejs": {
      "version": "1.1.0",
      "resolved": "https://registry.npm.taobao.org/blakejs/download/blakejs-1.1.0.tgz",
      "integrity": "sha1-ad+S75U6qIylGjLfarHFShVfx6U="
    },
    "camelcase": {
      "version": "5.3.1",
      "resolved": "https://registry.npm.taobao.org/camelcase/download/camelcase-5.3.1.tgz",
      "integrity": "sha1-48mzFWnhBoEd8kL3FXJaH0xJQyA="
    },
    "circom_runtime": {
      "version": "0.0.9",
      "resolved": "https://registry.npm.taobao.org/circom_runtime/download/circom_runtime-0.0.9.tgz?cache=0&sync_timestamp=1596088684901&other_urls=https%3A%2F%2Fregistry.npm.taobao.org%2Fcircom_runtime%2Fdownload%2Fcircom_runtime-0.0.9.tgz",
      "integrity": "sha1-pxsdyLsuLi9Qwik7BGYAN5ylRzo=",
      "requires": {
        "ffjavascript": "0.2.4",
        "fnv-plus": "^1.3.1"
      }
    },
    "cliui": {
      "version": "4.1.0",
      "resolved": "https://registry.npm.taobao.org/cliui/download/cliui-4.1.0.tgz",
      "integrity": "sha1-NIQi2+gtgAswIu709qwQvy5NG0k=",
      "requires": {
        "string-width": "^2.1.1",
        "strip-ansi": "^4.0.0",
        "wrap-ansi": "^2.0.0"
      }
    },
    "code-point-at": {
      "version": "1.1.0",
      "resolved": "https://registry.npm.taobao.org/code-point-at/download/code-point-at-1.1.0.tgz",
      "integrity": "sha1-DQcLTQQ6W+ozovGkDi7bPZpMz3c="
    },
    "cross-spawn": {
      "version": "6.0.5",
      "resolved": "https://registry.npm.taobao.org/cross-spawn/download/cross-spawn-6.0.5.tgz",
      "integrity": "sha1-Sl7Hxk364iw6FBJNus3uhG2Ay8Q=",
      "requires": {
        "nice-try": "^1.0.4",
        "path-key": "^2.0.1",
        "semver": "^5.5.0",
        "shebang-command": "^1.2.0",
        "which": "^1.2.9"
      }
    },
    "decamelize": {
      "version": "1.2.0",
      "resolved": "https://registry.npm.taobao.org/decamelize/download/decamelize-1.2.0.tgz",
      "integrity": "sha1-9lNNFRSCabIDUue+4m9QH5oZEpA="
    },
    "end-of-stream": {
      "version": "1.4.4",
      "resolved": "https://registry.npm.taobao.org/end-of-stream/download/end-of-stream-1.4.4.tgz",
      "integrity": "sha1-WuZKX0UFe682JuwU2gyl5LJDHrA=",
      "requires": {
        "once": "^1.4.0"
      }
    },
    "execa": {
      "version": "1.0.0",
      "resolved": "https://registry.npm.taobao.org/execa/download/execa-1.0.0.tgz?cache=0&sync_timestamp=1594145111640&other_urls=https%3A%2F%2Fregistry.npm.taobao.org%2Fexeca%2Fdownload%2Fexeca-1.0.0.tgz",
      "integrity": "sha1-xiNqW7TfbW8V6I5/AXeYIWdJ3dg=",
      "requires": {
        "cross-spawn": "^6.0.0",
        "get-stream": "^4.0.0",
        "is-stream": "^1.1.0",
        "npm-run-path": "^2.0.0",
        "p-finally": "^1.0.0",
        "signal-exit": "^3.0.0",
        "strip-eof": "^1.0.0"
      }
    },
    "fastfile": {
      "version": "0.0.12",
      "resolved": "https://registry.npm.taobao.org/fastfile/download/fastfile-0.0.12.tgz",
      "integrity": "sha1-MCWX/i0NGeFAWFFoWl3c4D4d1ug="
    },
    "ffjavascript": {
      "version": "0.2.4",
      "resolved": "https://registry.npm.taobao.org/ffjavascript/download/ffjavascript-0.2.4.tgz?cache=0&sync_timestamp=1596088685288&other_urls=https%3A%2F%2Fregistry.npm.taobao.org%2Fffjavascript%2Fdownload%2Fffjavascript-0.2.4.tgz",
      "integrity": "sha1-l2daWSUXrvwdQY1JH8s6yUR1l8c=",
      "requires": {
        "big-integer": "^1.6.48",
        "wasmcurves": "0.0.4",
        "worker-threads": "^1.0.0"
      }
    },
    "find-up": {
      "version": "3.0.0",
      "resolved": "https://registry.npm.taobao.org/find-up/download/find-up-3.0.0.tgz",
      "integrity": "sha1-SRafHXmTQwZG2mHsxa41XCHJe3M=",
      "requires": {
        "locate-path": "^3.0.0"
      }
    },
    "fnv-plus": {
      "version": "1.3.1",
      "resolved": "https://registry.npm.taobao.org/fnv-plus/download/fnv-plus-1.3.1.tgz",
      "integrity": "sha1-w0y0VyVlQ0rLCLolfkBEzisAbWc="
    },
    "get-caller-file": {
      "version": "1.0.3",
      "resolved": "https://registry.npm.taobao.org/get-caller-file/download/get-caller-file-1.0.3.tgz",
      "integrity": "sha1-+Xj6TJDR3+f/LWvtoqUV5xO9z0o="
    },
    "get-stream": {
      "version": "4.1.0",
      "resolved": "https://registry.npm.taobao.org/get-stream/download/get-stream-4.1.0.tgz",
      "integrity": "sha1-wbJVV189wh1Zv8ec09K0axw6VLU=",
      "requires": {
        "pump": "^3.0.0"
      }
    },
    "invert-kv": {
      "version": "2.0.0",
      "resolved": "https://registry.npm.taobao.org/invert-kv/download/invert-kv-2.0.0.tgz",
      "integrity": "sha1-c5P1r6Weyf9fZ6J2INEcIm4+7AI="
    },
    "is-fullwidth-code-point": {
      "version": "2.0.0",
      "resolved": "https://registry.npm.taobao.org/is-fullwidth-code-point/download/is-fullwidth-code-point-2.0.0.tgz",
      "integrity": "sha1-o7MKXE8ZkYMWeqq5O+764937ZU8="
    },
    "is-stream": {
      "version": "1.1.0",
      "resolved": "https://registry.npm.taobao.org/is-stream/download/is-stream-1.1.0.tgz",
      "integrity": "sha1-EtSj3U5o4Lec6428hBc66A2RykQ="
    },
    "isexe": {
      "version": "2.0.0",
      "resolved": "https://registry.npm.taobao.org/isexe/download/isexe-2.0.0.tgz",
      "integrity": "sha1-6PvzdNxVb/iUehDcsFctYz8s+hA="
    },
    "keccak": {
      "version": "3.0.1",
      "resolved": "https://registry.npm.taobao.org/keccak/download/keccak-3.0.1.tgz",
      "integrity": "sha1-rjCg6U2+Q0FPdBN1z/bWTIvqC/8=",
      "requires": {
        "node-addon-api": "^2.0.0",
        "node-gyp-build": "^4.2.0"
      }
    },
    "lcid": {
      "version": "2.0.0",
      "resolved": "https://registry.npm.taobao.org/lcid/download/lcid-2.0.0.tgz",
      "integrity": "sha1-bvXS32DlL4LrIopMNz6NHzlyU88=",
      "requires": {
        "invert-kv": "^2.0.0"
      }
    },
    "locate-path": {
      "version": "3.0.0",
      "resolved": "https://registry.npm.taobao.org/locate-path/download/locate-path-3.0.0.tgz",
      "integrity": "sha1-2+w7OrdZdYBxtY/ln8QYca8hQA4=",
      "requires": {
        "p-locate": "^3.0.0",
        "path-exists": "^3.0.0"
      }
    },
    "logplease": {
      "version": "1.2.15",
      "resolved": "https://registry.npm.taobao.org/logplease/download/logplease-1.2.15.tgz",
      "integrity": "sha1-PaRC6TdRpZkswZAQqCawjQKTxIo="
    },
    "map-age-cleaner": {
      "version": "0.1.3",
      "resolved": "https://registry.npm.taobao.org/map-age-cleaner/download/map-age-cleaner-0.1.3.tgz",
      "integrity": "sha1-fVg6cwZDTAVf5HSw9FB45uG0uSo=",
      "requires": {
        "p-defer": "^1.0.0"
      }
    },
    "mem": {
      "version": "4.3.0",
      "resolved": "https://registry.npm.taobao.org/mem/download/mem-4.3.0.tgz?cache=0&sync_timestamp=1586702281273&other_urls=https%3A%2F%2Fregistry.npm.taobao.org%2Fmem%2Fdownload%2Fmem-4.3.0.tgz",
      "integrity": "sha1-Rhr0l7xK4JYIzbLmDu+2m/90QXg=",
      "requires": {
        "map-age-cleaner": "^0.1.1",
        "mimic-fn": "^2.0.0",
        "p-is-promise": "^2.0.0"
      }
    },
    "mimic-fn": {
      "version": "2.1.0",
      "resolved": "https://registry.npm.taobao.org/mimic-fn/download/mimic-fn-2.1.0.tgz",
      "integrity": "sha1-ftLCzMyvhNP/y3pptXcR/CCDQBs="
    },
    "nanoassert": {
      "version": "1.1.0",
      "resolved": "https://registry.npm.taobao.org/nanoassert/download/nanoassert-1.1.0.tgz",
      "integrity": "sha1-TzFS4JVA/eKMdvRLGbvNHVpCR40="
    },
    "nice-try": {
      "version": "1.0.5",
      "resolved": "https://registry.npm.taobao.org/nice-try/download/nice-try-1.0.5.tgz",
      "integrity": "sha1-ozeKdpbOfSI+iPybdkvX7xCJ42Y="
    },
    "node-addon-api": {
      "version": "2.0.2",
      "resolved": "https://registry.npm.taobao.org/node-addon-api/download/node-addon-api-2.0.2.tgz?cache=0&sync_timestamp=1595260182379&other_urls=https%3A%2F%2Fregistry.npm.taobao.org%2Fnode-addon-api%2Fdownload%2Fnode-addon-api-2.0.2.tgz",
      "integrity": "sha1-Qyz6gpYs5JSxMunXKhWyn3H/XTI="
    },
    "node-gyp-build": {
      "version": "4.2.3",
      "resolved": "https://registry.npm.taobao.org/node-gyp-build/download/node-gyp-build-4.2.3.tgz",
      "integrity": "sha1-zmJ3+FODX3GIKe+0fbIPPk2cRzk="
    },
    "node-uuid": {
      "version": "1.4.8",
      "resolved": "https://registry.npm.taobao.org/node-uuid/download/node-uuid-1.4.8.tgz",
      "integrity": "sha1-sEDrCSOWivq/jTL7HxfxFn/auQc="
    },
    "npm-run-path": {
      "version": "2.0.2",
      "resolved": "https://registry.npm.taobao.org/npm-run-path/download/npm-run-path-2.0.2.tgz",
      "integrity": "sha1-NakjLfo11wZ7TLLd8jV7GHFTbF8=",
      "requires": {
        "path-key": "^2.0.0"
      }
    },
    "number-is-nan": {
      "version": "1.0.1",
      "resolved": "https://registry.npm.taobao.org/number-is-nan/download/number-is-nan-1.0.1.tgz",
      "integrity": "sha1-CXtgK1NCKlIsGvuHkDGDNpQaAR0="
    },
    "once": {
      "version": "1.4.0",
      "resolved": "https://registry.npm.taobao.org/once/download/once-1.4.0.tgz",
      "integrity": "sha1-WDsap3WWHUsROsF9nFC6753Xa9E=",
      "requires": {
        "wrappy": "1"
      }
    },
    "os-locale": {
      "version": "3.1.0",
      "resolved": "https://registry.npm.taobao.org/os-locale/download/os-locale-3.1.0.tgz?cache=0&sync_timestamp=1584865550362&other_urls=https%3A%2F%2Fregistry.npm.taobao.org%2Fos-locale%2Fdownload%2Fos-locale-3.1.0.tgz",
      "integrity": "sha1-qAKm7hfyTBBIOrmTVxnO9O0Wvxo=",
      "requires": {
        "execa": "^1.0.0",
        "lcid": "^2.0.0",
        "mem": "^4.0.0"
      }
    },
    "p-defer": {
      "version": "1.0.0",
      "resolved": "https://registry.npm.taobao.org/p-defer/download/p-defer-1.0.0.tgz",
      "integrity": "sha1-n26xgvbJqozXQwBKfU+WsZaw+ww="
    },
    "p-finally": {
      "version": "1.0.0",
      "resolved": "https://registry.npm.taobao.org/p-finally/download/p-finally-1.0.0.tgz",
      "integrity": "sha1-P7z7FbiZpEEjs0ttzBi3JDNqLK4="
    },
    "p-is-promise": {
      "version": "2.1.0",
      "resolved": "https://registry.npm.taobao.org/p-is-promise/download/p-is-promise-2.1.0.tgz",
      "integrity": "sha1-kYzrrqJIpiz3/6uOO8qMX4gvxC4="
    },
    "p-limit": {
      "version": "2.3.0",
      "resolved": "https://registry.npm.taobao.org/p-limit/download/p-limit-2.3.0.tgz",
      "integrity": "sha1-PdM8ZHohT9//2DWTPrCG2g3CHbE=",
      "requires": {
        "p-try": "^2.0.0"
      }
    },
    "p-locate": {
      "version": "3.0.0",
      "resolved": "https://registry.npm.taobao.org/p-locate/download/p-locate-3.0.0.tgz",
      "integrity": "sha1-Mi1poFwCZLJZl9n0DNiokasAZKQ=",
      "requires": {
        "p-limit": "^2.0.0"
      }
    },
    "p-try": {
      "version": "2.2.0",
      "resolved": "https://registry.npm.taobao.org/p-try/download/p-try-2.2.0.tgz",
      "integrity": "sha1-yyhoVA4xPWHeWPr741zpAE1VQOY="
    },
    "path-exists": {
      "version": "3.0.0",
      "resolved": "https://registry.npm.taobao.org/path-exists/download/path-exists-3.0.0.tgz",
      "integrity": "sha1-zg6+ql94yxiSXqfYENe1mwEP1RU="
    },
    "path-key": {
      "version": "2.0.1",
      "resolved": "https://registry.npm.taobao.org/path-key/download/path-key-2.0.1.tgz",
      "integrity": "sha1-QRyttXTFoUDTpLGRDUDYDMn0C0A="
    },
    "pump": {
      "version": "3.0.0",
      "resolved": "https://registry.npm.taobao.org/pump/download/pump-3.0.0.tgz",
      "integrity": "sha1-tKIRaBW94vTh6mAjVOjHVWUQemQ=",
      "requires": {
        "end-of-stream": "^1.1.0",
        "once": "^1.3.1"
      }
    },
    "r1csfile": {
      "version": "0.0.12",
      "resolved": "https://registry.npm.taobao.org/r1csfile/download/r1csfile-0.0.12.tgz",
      "integrity": "sha1-IWS6gvak6R6lTCbp89UeRBNmbCc=",
      "requires": {
        "fastfile": "0.0.6",
        "ffjavascript": "0.2.4"
      },
      "dependencies": {
        "fastfile": {
          "version": "0.0.6",
          "resolved": "https://registry.npm.taobao.org/fastfile/download/fastfile-0.0.6.tgz",
          "integrity": "sha1-ha/SQUzxLD+Ly3j78RFvwSw+N7Y="
        }
      }
    },
    "require-directory": {
      "version": "2.1.1",
      "resolved": "https://registry.npm.taobao.org/require-directory/download/require-directory-2.1.1.tgz",
      "integrity": "sha1-jGStX9MNqxyXbiNE/+f3kqam30I="
    },
    "require-main-filename": {
      "version": "1.0.1",
      "resolved": "https://registry.npm.taobao.org/require-main-filename/download/require-main-filename-1.0.1.tgz",
      "integrity": "sha1-l/cXtp1IeE9fUmpsWqj/3aBVpNE="
    },
    "semver": {
      "version": "5.7.1",
      "resolved": "https://registry.npm.taobao.org/semver/download/semver-5.7.1.tgz",
      "integrity": "sha1-qVT5Ma66UI0we78Gnv8MAclhFvc="
    },
    "set-blocking": {
      "version": "2.0.0",
      "resolved": "https://registry.npm.taobao.org/set-blocking/download/set-blocking-2.0.0.tgz",
      "integrity": "sha1-BF+XgtARrppoA93TgrJDkrPYkPc="
    },
    "shebang-command": {
      "version": "1.2.0",
      "resolved": "https://registry.npm.taobao.org/shebang-command/download/shebang-command-1.2.0.tgz",
      "integrity": "sha1-RKrGW2lbAzmJaMOfNj/uXer98eo=",
      "requires": {
        "shebang-regex": "^1.0.0"
      }
    },
    "shebang-regex": {
      "version": "1.0.0",
      "resolved": "https://registry.npm.taobao.org/shebang-regex/download/shebang-regex-1.0.0.tgz",
      "integrity": "sha1-2kL0l0DAtC2yypcoVxyxkMmO/qM="
    },
    "signal-exit": {
      "version": "3.0.3",
      "resolved": "https://registry.npm.taobao.org/signal-exit/download/signal-exit-3.0.3.tgz?cache=0&sync_timestamp=1594338396482&other_urls=https%3A%2F%2Fregistry.npm.taobao.org%2Fsignal-exit%2Fdownload%2Fsignal-exit-3.0.3.tgz",
      "integrity": "sha1-oUEMLt2PB3sItOJTyOrPyvBXRhw="
    },
    "snarkjs": {
      "version": "0.3.11",
      "resolved": "https://registry.npm.taobao.org/snarkjs/download/snarkjs-0.3.11.tgz",
      "integrity": "sha1-kOoNPH6eOXNn0qlSIOc8oz4m3lI=",
      "requires": {
        "blake2b-wasm": "git+https://github.com/jbaylina/blake2b-wasm.git",
        "circom_runtime": "0.0.9",
        "fastfile": "0.0.12",
        "ffjavascript": "0.2.4",
        "keccak": "^3.0.0",
        "logplease": "^1.2.15",
        "r1csfile": "0.0.12",
        "yargs": "^12.0.5"
      }
    },
    "string-width": {
      "version": "2.1.1",
      "resolved": "https://registry.npm.taobao.org/string-width/download/string-width-2.1.1.tgz",
      "integrity": "sha1-q5Pyeo3BPSjKyBXEYhQ6bZASrp4=",
      "requires": {
        "is-fullwidth-code-point": "^2.0.0",
        "strip-ansi": "^4.0.0"
      }
    },
    "strip-ansi": {
      "version": "4.0.0",
      "resolved": "https://registry.npm.taobao.org/strip-ansi/download/strip-ansi-4.0.0.tgz",
      "integrity": "sha1-qEeQIusaw2iocTibY1JixQXuNo8=",
      "requires": {
        "ansi-regex": "^3.0.0"
      }
    },
    "strip-eof": {
      "version": "1.0.0",
      "resolved": "https://registry.npm.taobao.org/strip-eof/download/strip-eof-1.0.0.tgz",
      "integrity": "sha1-u0P/VZim6wXYm1n80SnJgzE2Br8="
    },
    "wasmcurves": {
      "version": "0.0.4",
      "resolved": "https://registry.npm.taobao.org/wasmcurves/download/wasmcurves-0.0.4.tgz",
      "integrity": "sha1-5aIbHIvW3KTDUmIRDJpJ1M3JzrI=",
      "requires": {
        "big-integer": "^1.6.42",
        "blakejs": "^1.1.0"
      }
    },
    "which": {
      "version": "1.3.1",
      "resolved": "https://registry.npm.taobao.org/which/download/which-1.3.1.tgz",
      "integrity": "sha1-pFBD1U9YBTFtqNYvn1CRjT2nCwo=",
      "requires": {
        "isexe": "^2.0.0"
      }
    },
    "which-module": {
      "version": "2.0.0",
      "resolved": "https://registry.npm.taobao.org/which-module/download/which-module-2.0.0.tgz",
      "integrity": "sha1-2e8H3Od7mQK4o6j6SzHD4/fm6Ho="
    },
    "worker-threads": {
      "version": "1.0.0",
      "resolved": "https://registry.npm.taobao.org/worker-threads/download/worker-threads-1.0.0.tgz",
      "integrity": "sha1-K0nqfJaSunN9kUjyybK+ZeFONHA="
    },
    "wrap-ansi": {
      "version": "2.1.0",
      "resolved": "https://registry.npm.taobao.org/wrap-ansi/download/wrap-ansi-2.1.0.tgz?cache=0&sync_timestamp=1594334967713&other_urls=https%3A%2F%2Fregistry.npm.taobao.org%2Fwrap-ansi%2Fdownload%2Fwrap-ansi-2.1.0.tgz",
      "integrity": "sha1-2Pw9KE3QV5T+hJc8rs3Rz4JP3YU=",
      "requires": {
        "string-width": "^1.0.1",
        "strip-ansi": "^3.0.1"
      },
      "dependencies": {
        "ansi-regex": {
          "version": "2.1.1",
          "resolved": "https://registry.npm.taobao.org/ansi-regex/download/ansi-regex-2.1.1.tgz",
          "integrity": "sha1-w7M6te42DYbg5ijwRorn7yfWVN8="
        },
        "is-fullwidth-code-point": {
          "version": "1.0.0",
          "resolved": "https://registry.npm.taobao.org/is-fullwidth-code-point/download/is-fullwidth-code-point-1.0.0.tgz",
          "integrity": "sha1-754xOG8DGn8NZDr4L95QxFfvAMs=",
          "requires": {
            "number-is-nan": "^1.0.0"
          }
        },
        "string-width": {
          "version": "1.0.2",
          "resolved": "https://registry.npm.taobao.org/string-width/download/string-width-1.0.2.tgz",
          "integrity": "sha1-EYvfW4zcUaKn5w0hHgfisLmxB9M=",
          "requires": {
            "code-point-at": "^1.0.0",
            "is-fullwidth-code-point": "^1.0.0",
            "strip-ansi": "^3.0.0"
          }
        },
        "strip-ansi": {
          "version": "3.0.1",
          "resolved": "https://registry.npm.taobao.org/strip-ansi/download/strip-ansi-3.0.1.tgz",
          "integrity": "sha1-ajhfuIU9lS1f8F0Oiq+UJ43GPc8=",
          "requires": {
            "ansi-regex": "^2.0.0"
          }
        }
      }
    },
    "wrappy": {
      "version": "1.0.2",
      "resolved": "https://registry.npm.taobao.org/wrappy/download/wrappy-1.0.2.tgz",
      "integrity": "sha1-tSQ9jz7BqjXxNkYFvA0QNuMKtp8="
    },
    "y18n": {
      "version": "4.0.0",
      "resolved": "https://registry.npm.taobao.org/y18n/download/y18n-4.0.0.tgz",
      "integrity": "sha1-le+U+F7MgdAHwmThkKEg8KPIVms="
    },
    "yargs": {
      "version": "12.0.5",
      "resolved": "https://registry.npm.taobao.org/yargs/download/yargs-12.0.5.tgz",
      "integrity": "sha1-BfWZe2CWR7ZPZrgeO0sQo2jnrRM=",
      "requires": {
        "cliui": "^4.0.0",
        "decamelize": "^1.2.0",
        "find-up": "^3.0.0",
        "get-caller-file": "^1.0.1",
        "os-locale": "^3.0.0",
        "require-directory": "^2.1.1",
        "require-main-filename": "^1.0.1",
        "set-blocking": "^2.0.0",
        "string-width": "^2.0.0",
        "which-module": "^2.0.0",
        "y18n": "^3.2.1 || ^4.0.0",
        "yargs-parser": "^11.1.1"
      }
    },
    "yargs-parser": {
      "version": "11.1.1",
      "resolved": "https://registry.npm.taobao.org/yargs-parser/download/yargs-parser-11.1.1.tgz?cache=0&sync_timestamp=1595125137927&other_urls=https%3A%2F%2Fregistry.npm.taobao.org%2Fyargs-parser%2Fdownload%2Fyargs-parser-11.1.1.tgz",
      "integrity": "sha1-h5oIZZc7yp9rq1y987HGfsfTvPQ=",
      "requires": {
        "camelcase": "^5.0.0",
        "decamelize": "^1.2.0"
      }
    }
  }
}
